PODS:
  - GRDB.swift (5.0.1):
    - GRDB.swift/standard (= 5.0.1)
  - GRDB.swift/standard (5.0.1)

DEPENDENCIES:
  - GRDB.swift

SPEC REPOS:
  https://github.com/CocoaPods/Specs.git:
    - GRDB.swift

SPEC CHECKSUMS:
  GRDB.swift: 04965b2db24aa24d5a70b50755a0f559c0ec84de

PODFILE CHECKSUM: af7adfeec6951e44acf25b7d43283e341507811d

COCOAPODS: 1.9.3
